
Microsoft Visual Studio Solution File, Format Version 12.00
# Visual Studio Version 16
VisualStudioVersion = 16.0.31702.278
MinimumVisualStudioVersion = 10.0.40219.1
Project("{FAE04EC0-301F-11D3-BF4B-00C04F79EFBC}") = "MoodAnalyserAssignment", "MoodAnalyserAssignment.csproj", "{3DECCAD9-503C-4ED8-8E2D-1C76B322D9FD}"
EndProject
Project("{FAE04EC0-301F-11D3-BF4B-00C04F79EFBC}") = "MoodAnalyserMSTestProject", "..\MoodAnalyserMSTestProject\MoodAnalyserMSTestProject.csproj", "{7A8030AA-1880-474A-B857-B82EA0704B2A}"
EndProject
Global
	GlobalSection(SolutionConfigurationPlatforms) = preSolution
		Debug|Any CPU = Debug|Any CPU
		Release|Any CPU = Release|Any CPU
	EndGlobalSection
	GlobalSection(ProjectConfigurationPlatforms) = postSolution
		{3DECCAD9-503C-4ED8-8E2D-1C76B322D9FD}.Debug|Any CPU.ActiveCfg = Debug|Any CPU
		{3DECCAD9-503C-4ED8-8E2D-1C76B322D9FD}.Debug|Any CPU.Build.0 = Debug|Any CPU
		{3DECCAD9-503C-4ED8-8E2D-1C76B322D9FD}.Release|Any CPU.ActiveCfg = Release|Any CPU
		{3DECCAD9-503C-4ED8-8E2D-1C76B322D9FD}.Release|Any CPU.Build.0 = Release|Any CPU
		{7A8030AA-1880-474A-B857-B82EA0704B2A}.Debug|Any CPU.ActiveCfg = Debug|Any CPU
		{7A8030AA-1880-474A-B857-B82EA0704B2A}.Debug|Any CPU.Build.0 = Debug|Any CPU
		{7A8030AA-1880-474A-B857-B82EA0704B2A}.Release|Any CPU.ActiveCfg = Release|Any CPU
		{7A8030AA-1880-474A-B857-B82EA0704B2A}.Release|Any CPU.Build.0 = Release|Any CPU
	EndGlobalSection
	GlobalSection(SolutionProperties) = preSolution
		HideSolutionNode = FALSE
	EndGlobalSection
	GlobalSection(ExtensibilityGlobals) = postSolution
		SolutionGuid = {B921DBF0-1933-4D32-937C-E54474A37EC8}
	EndGlobalSection
EndGlobal
